Microsoft Visual Studio Solution File, Format Version 12.00
# Visual Studio Version 17
VisualStudioVersion = 17.5.2.0
MinimumVisualStudioVersion = 10.0.40219.1
Project("{FAE04EC0-301F-11D3-BF4B-00C04F79EFBC}") = "jsonReader", "jsonReader\jsonReader.csproj", "{8F6C6633-55D8-3ADD-8830-1508E7F991A3}"
EndProject
Global
	GlobalSection(SolutionConfigurationPlatforms) = preSolution
		Debug|Any CPU = Debug|Any CPU
		Release|Any CPU = Release|Any CPU
	EndGlobalSection
	GlobalSection(ProjectConfigurationPlatforms) = postSolution
		{8F6C6633-55D8-3ADD-8830-1508E7F991A3}.Debug|Any CPU.ActiveCfg = Debug|Any CPU
		{8F6C6633-55D8-3ADD-8830-1508E7F991A3}.Debug|Any CPU.Build.0 = Debug|Any CPU
		{8F6C6633-55D8-3ADD-8830-1508E7F991A3}.Release|Any CPU.ActiveCfg = Release|Any CPU
		{8F6C6633-55D8-3ADD-8830-1508E7F991A3}.Release|Any CPU.Build.0 = Release|Any CPU
	EndGlobalSection
	GlobalSection(SolutionProperties) = preSolution
		HideSolutionNode = FALSE
	EndGlobalSection
	GlobalSection(ExtensibilityGlobals) = postSolution
		SolutionGuid = {B1452F36-0289-49F6-8C79-A3A38F37D606}
	EndGlobalSection
EndGlobal
